# @generated - this file is auto-generated by `mise lock` https://mise.jdx.dev/dev-tools/mise-lock.html

[[tools.prek]]
version = "0.4.12"
backend = "aqua:j178/prek"

[tools.prek."platforms.linux-arm64"]
checksum = "sha256:f3be7601f991e05f161023d231198d966ea2afdb6bc6dd15d253d751674d6ab1"
url = "https://github.com/j178/prek/releases/download/v0.4.12/prek-aarch64-unknown-linux-musl.tar.gz"
url_api = "https://api.github.com/repos/j178/prek/releases/assets/499978731"
provenance = "github-attestations"

[tools.prek."platforms.linux-arm64-musl"]
checksum = "sha256:f3be7601f991e05f161023d231198d966ea2afdb6bc6dd15d253d751674d6ab1"
url = "https://github.com/j178/prek/releases/download/v0.4.12/prek-aarch64-unknown-linux-musl.tar.gz"
url_api = "https://api.github.com/repos/j178/prek/releases/assets/499978731"
provenance = "github-attestations"

[tools.prek."platforms.linux-x64"]
checksum = "sha256:3321ec6e4d873fbf41bef55d11b3f269fa91cbb87b19f18211df7c1bd061ac8a"
url = "https://github.com/j178/prek/releases/download/v0.4.12/prek-x86_64-unknown-linux-musl.tar.gz"
url_api = "https://api.github.com/repos/j178/prek/releases/assets/499978791"
provenance = "github-attestations"

[tools.prek."platforms.linux-x64-musl"]
checksum = "sha256:3321ec6e4d873fbf41bef55d11b3f269fa91cbb87b19f18211df7c1bd061ac8a"
url = "https://github.com/j178/prek/releases/download/v0.4.12/prek-x86_64-unknown-linux-musl.tar.gz"
url_api = "https://api.github.com/repos/j178/prek/releases/assets/499978791"
provenance = "github-attestations"

[tools.prek."platforms.macos-arm64"]
checksum = "sha256:cef66b9641a1c9ac61518edb13c2a7b440f3f1748e4bd60f2514a82bc1f2bd30"
url = "https://github.com/j178/prek/releases/download/v0.4.12/prek-aarch64-apple-darwin.tar.gz"
url_api = "https://api.github.com/repos/j178/prek/releases/assets/499978720"
provenance = "github-attestations"

[tools.prek."platforms.macos-x64"]
checksum = "sha256:783bf6b8d036e80cd43dd7c037d0888648c249f9c3c6045f0dd6eb135e11556e"
url = "https://github.com/j178/prek/releases/download/v0.4.12/prek-x86_64-apple-darwin.tar.gz"
url_api = "https://api.github.com/repos/j178/prek/releases/assets/499978780"
provenance = "github-attestations"

[tools.prek."platforms.windows-x64"]
checksum = "sha256:1ea049702009636296ca845e91b336aeb203d47df8ce500eb388672c8199d57b"
url = "https://github.com/j178/prek/releases/download/v0.4.12/prek-x86_64-pc-windows-msvc.zip"
url_api = "https://api.github.com/repos/j178/prek/releases/assets/499978783"
provenance = "github-attestations"

[[tools.rust]]
version = "1.97.1"
backend = "core:rust"

[tools.rust.options]
components = "clippy,rustfmt"
