# @generated - this file is auto-generated by `mise lock` https://mise.jdx.dev/dev-tools/mise-lock.html

[[tools.prek]]
version = "0.4.14"
backend = "aqua:j178/prek"

[tools.prek."platforms.linux-arm64"]
checksum = "sha256:27a873abf78df8ec842829f6def4356f1f10c8ddf1741c6b2b3ba0c1e1e93f95"
url = "https://github.com/j178/prek/releases/download/v0.4.14/prek-aarch64-unknown-linux-musl.tar.gz"
url_api = "https://api.github.com/repos/j178/prek/releases/assets/517620523"
provenance = "github-attestations"

[tools.prek."platforms.linux-arm64-musl"]
checksum = "sha256:27a873abf78df8ec842829f6def4356f1f10c8ddf1741c6b2b3ba0c1e1e93f95"
url = "https://github.com/j178/prek/releases/download/v0.4.14/prek-aarch64-unknown-linux-musl.tar.gz"
url_api = "https://api.github.com/repos/j178/prek/releases/assets/517620523"
provenance = "github-attestations"

[tools.prek."platforms.linux-x64"]
checksum = "sha256:388f2e5216684c22e635dc1bde1bac5bd008a5dfc21c754ced382d19ff31413b"
url = "https://github.com/j178/prek/releases/download/v0.4.14/prek-x86_64-unknown-linux-musl.tar.gz"
url_api = "https://api.github.com/repos/j178/prek/releases/assets/517620606"
provenance = "github-attestations"

[tools.prek."platforms.linux-x64-musl"]
checksum = "sha256:388f2e5216684c22e635dc1bde1bac5bd008a5dfc21c754ced382d19ff31413b"
url = "https://github.com/j178/prek/releases/download/v0.4.14/prek-x86_64-unknown-linux-musl.tar.gz"
url_api = "https://api.github.com/repos/j178/prek/releases/assets/517620606"
provenance = "github-attestations"

[tools.prek."platforms.macos-arm64"]
checksum = "sha256:87f7fb2b99871820eb352d9a2327461d25affe354d6d48c4edf3a34f360c6be8"
url = "https://github.com/j178/prek/releases/download/v0.4.14/prek-aarch64-apple-darwin.tar.gz"
url_api = "https://api.github.com/repos/j178/prek/releases/assets/517620513"
provenance = "github-attestations"

[tools.prek."platforms.macos-x64"]
checksum = "sha256:59073820f5145cea2fa91b7e4256bbab6ed44de364d4b6809311d7ee9653d3b7"
url = "https://github.com/j178/prek/releases/download/v0.4.14/prek-x86_64-apple-darwin.tar.gz"
url_api = "https://api.github.com/repos/j178/prek/releases/assets/517620585"
provenance = "github-attestations"

[tools.prek."platforms.windows-x64"]
checksum = "sha256:284eb3b185788fbb5c1b53b1e2217c744be44debaff88efd305b1947df6f0b82"
url = "https://github.com/j178/prek/releases/download/v0.4.14/prek-x86_64-pc-windows-msvc.zip"
url_api = "https://api.github.com/repos/j178/prek/releases/assets/517620593"
provenance = "github-attestations"

[[tools.rust]]
version = "1.97.1"
backend = "core:rust"

[tools.rust.options]
components = "clippy,rustfmt"

[[tools.uv]]
version = "0.12.5"
backend = "aqua:astral-sh/uv"

[tools.uv."platforms.linux-arm64"]
checksum = "sha256:8767a0e77f2cd45436401b1b42bf7e9ed5a4a91a74a5305d6fe93249d0f6dbc5"
url = "https://github.com/astral-sh/uv/releases/download/0.12.5/uv-aarch64-unknown-linux-musl.tar.gz"
url_api = "https://api.github.com/repos/astral-sh/uv/releases/assets/514850993"
provenance = "github-attestations"

[tools.uv."platforms.linux-arm64-musl"]
checksum = "sha256:8767a0e77f2cd45436401b1b42bf7e9ed5a4a91a74a5305d6fe93249d0f6dbc5"
url = "https://github.com/astral-sh/uv/releases/download/0.12.5/uv-aarch64-unknown-linux-musl.tar.gz"
url_api = "https://api.github.com/repos/astral-sh/uv/releases/assets/514850993"
provenance = "github-attestations"

[tools.uv."platforms.linux-x64"]
checksum = "sha256:a4742988791c9aeae68c78150d6cba762062ad2a47e53738c2779d2b596bfcdb"
url = "https://github.com/astral-sh/uv/releases/download/0.12.5/uv-x86_64-unknown-linux-musl.tar.gz"
url_api = "https://api.github.com/repos/astral-sh/uv/releases/assets/514851105"
provenance = "github-attestations"

[tools.uv."platforms.linux-x64-musl"]
checksum = "sha256:a4742988791c9aeae68c78150d6cba762062ad2a47e53738c2779d2b596bfcdb"
url = "https://github.com/astral-sh/uv/releases/download/0.12.5/uv-x86_64-unknown-linux-musl.tar.gz"
url_api = "https://api.github.com/repos/astral-sh/uv/releases/assets/514851105"
provenance = "github-attestations"

[tools.uv."platforms.macos-arm64"]
checksum = "sha256:5bb0e5fe008a773c3dbcb97ff79cd89e1241464fe9d2f986d52ad8f1b037bd62"
url = "https://github.com/astral-sh/uv/releases/download/0.12.5/uv-aarch64-apple-darwin.tar.gz"
url_api = "https://api.github.com/repos/astral-sh/uv/releases/assets/514850968"
provenance = "github-attestations"

[tools.uv."platforms.macos-x64"]
checksum = "sha256:b3b2137477cf96c9686ebfb71524614cec780c673fd73e59bce099aef02e70e8"
url = "https://github.com/astral-sh/uv/releases/download/0.12.5/uv-x86_64-apple-darwin.tar.gz"
url_api = "https://api.github.com/repos/astral-sh/uv/releases/assets/514851078"
provenance = "github-attestations"

[tools.uv."platforms.windows-x64"]
checksum = "sha256:4c4d49d8738847d9b71ba319e49a5688c93eac0fe6204b1df24e98528dddf39a"
url = "https://github.com/astral-sh/uv/releases/download/0.12.5/uv-x86_64-pc-windows-msvc.zip"
url_api = "https://api.github.com/repos/astral-sh/uv/releases/assets/514851084"
provenance = "github-attestations"
